# This file was autogenerated by uv via the following command:
#    uv pip compile pyproject.toml --extra lint --extra test -o uv.lock
anyio==4.12.1
    # via httpx
astroid==4.0.4
    # via pylint
certifi==2026.1.4
    # via
    #   httpcore
    #   httpx
dill==0.4.1
    # via pylint
h11==0.16.0
    # via httpcore
httpcore==1.0.9
    # via
    #   httpx
    #   python-telegram-bot
httpx==0.28.1
    # via python-telegram-bot
idna==3.11
    # via
    #   anyio
    #   httpx
iniconfig==2.3.0
    # via pytest
isort==8.0.1
    # via pylint
mccabe==0.7.0
    # via pylint
packaging==26.2
    # via pytest
paho-mqtt==2.1.0
    # via teslamate-telegram-bot (pyproject.toml)
platformdirs==4.11.0
    # via pylint
pluggy==1.6.0
    # via pytest
pygments==2.20.0
    # via pytest
pylint==4.0.6
    # via teslamate-telegram-bot (pyproject.toml)
pytest==9.1.1
    # via teslamate-telegram-bot (pyproject.toml)
python-telegram-bot==22.7
    # via teslamate-telegram-bot (pyproject.toml)
tomlkit==0.15.1
    # via pylint
