# This file was autogenerated by uv via the following command:
#    uv pip compile pyproject.toml -o uv.lock
anyio==4.12.1
    # via httpx
certifi==2026.1.4
    # via
    #   httpcore
    #   httpx
h11==0.16.0
    # via httpcore
httpcore==1.0.9
    # via httpx
httpx==0.28.1
    # via python-telegram-bot
idna==3.11
    # via
    #   anyio
    #   httpx
paho-mqtt==2.1.0
    # via teslamate-telegram-bot (pyproject.toml)
python-telegram-bot==22.5
    # via teslamate-telegram-bot (pyproject.toml)
typing-extensions==4.15.0
    # via anyio
