version = 1
revision = 3
requires-python = ">=3.13"
resolution-markers = [
    "python_full_version >= '3.14'",
    "python_full_version < '3.14'",
]

[[package]]
name = "anyio"
version = "4.14.2"
source = { registry = "https://pypi.org/simple" }
dependencies = [
    { name = "idna" },
]
sdist = { url = "https://files.pythonhosted.org/packages/61/cc/a381afa6efea9f496eff839d4a6a1aed3bfafc7b3ab4b0d1b243a12573dd/anyio-4.14.2.tar.gz", hash = "sha256:cfa139f3ed1a23ee8f88a145ddb5ac7605b8bbfd8592baacd7ce3d8bb4313c7f", size = 260176, upload-time = "2026-07-12T20:29:07.082Z" }
wheels = [
    { url = "https://files.pythonhosted.org/packages/da/35/f2287558c17e29fafc8ef3daf819bb9834061cfa43bff8014f7df7f63bdc/anyio-4.14.2-py3-none-any.whl", hash = "sha256:9f505dda5ac9f0c8309b5e8bd445a8c2bf7246f3ce950121e45ea15bc41d1494", size = 125813, upload-time = "2026-07-12T20:29:05.763Z" },
]

[[package]]
name = "astroid"
version = "4.0.4"
source = { registry = "https://pypi.org/simple" }
sdist = { url = "https://files.pythonhosted.org/packages/07/63/0adf26577da5eff6eb7a177876c1cfa213856be9926a000f65c4add9692b/astroid-4.0.4.tar.gz", hash = "sha256:986fed8bcf79fb82c78b18a53352a0b287a73817d6dbcfba3162da36667c49a0", size = 406358, upload-time = "2026-02-07T23:35:07.509Z" }
wheels = [
    { url = "https://files.pythonhosted.org/packages/b0/cf/1c5f42b110e57bc5502eb80dbc3b03d256926062519224835ef08134f1f9/astroid-4.0.4-py3-none-any.whl", hash = "sha256:52f39653876c7dec3e3afd4c2696920e05c83832b9737afc21928f2d2eb7a753", size = 276445, upload-time = "2026-02-07T23:35:05.344Z" },
]

[[package]]
name = "certifi"
version = "2026.7.22"
source = { registry = "https://pypi.org/simple" }
sdist = { url = "https://files.pythonhosted.org/packages/a3/c2/24167ea9858356b47a87a50d39908bfdb72ceeefe0041586e704e5376b3a/certifi-2026.7.22.tar.gz", hash = "sha256:741e2c3b351ddf169a738da9f2c048608ff7f2c5cc02f1ebc6b118bb090d5d55", size = 138112, upload-time = "2026-07-22T03:35:12.644Z" }
wheels = [
    { url = "https://files.pythonhosted.org/packages/0b/a7/71ac2cff56fec219ed242bb11b8efb69fcc4bec75db06fb7bfe35de520e6/certifi-2026.7.22-py3-none-any.whl", hash = "sha256:62f22742b58a1a33014a2b6b706588a8d7e2a88ae7bd1a6ebe8c992928483775", size = 136983, upload-time = "2026-07-22T03:35:11.276Z" },
]

[[package]]
name = "colorama"
version = "0.4.6"
source = { registry = "https://pypi.org/simple" }
sdist = { url = "https://files.pythonhosted.org/packages/d8/53/6f443c9a4a8358a93a6792e2acffb9d9d5cb0a5cfd8802644b7b1c9a02e4/colorama-0.4.6.tar.gz", hash = "sha256:08695f5cb7ed6e0531a20572697297273c47b8cae5a63ffc6d6ed5c201be6e44", size = 27697, upload-time = "2022-10-25T02:36:22.414Z" }
wheels = [
    { url = "https://files.pythonhosted.org/packages/d1/d6/3965ed04c63042e047cb6a3e6ed1a63a35087b6a609aa3a15ed8ac56c221/colorama-0.4.6-py2.py3-none-any.whl", hash = "sha256:4f1d9991f5acc0ca119f9d443620b77f9d6b33703e51011c16baf57afb285fc6", size = 25335, upload-time = "2022-10-25T02:36:20.889Z" },
]

[[package]]
name = "coverage"
version = "7.15.3"
source = { registry = "https://pypi.org/simple" }
sdist = { url = "https://files.pythonhosted.org/packages/f4/45/78dbf9604ee5b3db24efbf26bed1cb58862fb40480cba821963c69348751/coverage-7.15.3.tar.gz", hash = "sha256:ae7ea5a4614acf399ef0483c4cb34f8f8f01df848d8fcbe7d3ce0865733f1c4d", size = 935592, upload-time = "2026-08-02T18:50:17.006Z" }
wheels = [
    { url = "https://files.pythonhosted.org/packages/68/6e/62ae61e1fc434956bec38ed1d5b1c494f58cf579dbd998e77abffe7b3e6b/coverage-7.15.3-cp313-cp313-macosx_10_13_x86_64.whl", hash = "sha256:1182eed05674c63d40951fae27c43e822749f04d25f75df64c2e4fa3168678de", size = 222522, upload-time = "2026-08-02T18:48:42.476Z" },
    { url = "https://files.pythonhosted.org/packages/13/ff/c74c673d81e0e77b6608c3d21331e3db42e30daeb3c8a0a8860d4c9e2e14/coverage-7.15.3-cp313-cp313-macosx_11_0_arm64.whl", hash = "sha256:c0c4b0d7c4cd56e470d0c9d8441f42e8a96cdfd95050fec027f1d4dd9f11006c", size = 222894, upload-time = "2026-08-02T18:48:44.274Z" },
    { url = "https://files.pythonhosted.org/packages/a1/91/ccb30f5ffafd7d69d0b18e5162f9b711a5654e807b7b0c13497f0826b33f/coverage-7.15.3-cp313-cp313-manylinux1_i686.manylinux_2_28_i686.manylinux_2_5_i686.whl", hash = "sha256:5c9fce9f4998b0d50a753da765b9215a14decc7863822c89d72da7a89ca625b3", size = 253890, upload-time = "2026-08-02T18:48:46.097Z" },
    { url = "https://files.pythonhosted.org/packages/29/c6/e92a66cda49a2751b09826d51258f199b92aa0cb005bc5f34e9729a52a9c/coverage-7.15.3-cp313-cp313-manylinux1_x86_64.manylinux_2_28_x86_64.manylinux_2_5_x86_64.whl", hash = "sha256:7a47e2a0a0ace9241e70ee00e44520f88b843094603dd54303f1bafecd929c30", size = 256484, upload-time = "2026-08-02T18:48:47.846Z" },
    { url = "https://files.pythonhosted.org/packages/96/7a/730929164b457cf25cf76c23898b90f9039a104a647890801b6586797b14/coverage-7.15.3-cp313-cp313-manylinux2014_aarch64.manylinux_2_17_aarch64.manylinux_2_28_aarch64.whl", hash = "sha256:95bad94f83807ae60ed76f3ac012f69b2605ac9ea81bee959a5a483f7fa09c10", size = 257723, upload-time = "2026-08-02T18:48:49.664Z" },
    { url = "https://files.pythonhosted.org/packages/9e/be/04cb5672cb19f5c389eda81ba22d89807699a949653d3625b0e0fda169da/coverage-7.15.3-cp313-cp313-manylinux2014_ppc64le.manylinux_2_17_ppc64le.manylinux_2_28_ppc64le.whl", hash = "sha256:228e172a76c428bb17d1ab78a2ff188990b0597e5dbd291f52a4edf7412de049", size = 259854, upload-time = "2026-08-02T18:48:51.413Z" },
    { url = "https://files.pythonhosted.org/packages/96/25/5e7fd6af39f6507071455944b8906dd1fe5b7b6bffb6a163ceb20afa0d13/coverage-7.15.3-cp313-cp313-manylinux_2_31_riscv64.manylinux_2_39_riscv64.whl", hash = "sha256:cea9fb33887c99349996266f1fd60abe5af3577a90633392001d27ef46b4b66e", size = 254085, upload-time = "2026-08-02T18:48:53.158Z" },
    { url = "https://files.pythonhosted.org/packages/23/c8/55e58a853f1e61163a6e755897bd14a059d78411e86560f39d9951c019b5/coverage-7.15.3-cp313-cp313-musllinux_1_2_aarch64.whl", hash = "sha256:81760de3155d7f52c21860c4046628dc6bed182f72e3c028e2b4fd46f65aa040", size = 255850, upload-time = "2026-08-02T18:48:55.031Z" },
    { url = "https://files.pythonhosted.org/packages/be/74/8bcec66dbcf3d22bea2a0b2b77ee2fa6f766a647d0023d4eabbc4f2b2756/coverage-7.15.3-cp313-cp313-musllinux_1_2_i686.whl", hash = "sha256:b47ea0a1d3a3d089826c6cbfad8429d7d8872e28e86baa95ddef330f6875da21", size = 253818, upload-time = "2026-08-02T18:48:57.163Z" },
    { url = "https://files.pythonhosted.org/packages/ce/06/450b673fdfece0997b4e16a31d6bde6b18889c578f1013ddd34c962ac6f9/coverage-7.15.3-cp313-cp313-musllinux_1_2_ppc64le.whl", hash = "sha256:5459ba486b2a5d58a6c05254779ecdf525e7f20174d0210ceda75ba40fdb8f2c", size = 257973, upload-time = "2026-08-02T18:48:59.098Z" },
    { url = "https://files.pythonhosted.org/packages/56/fd/3ec7409aec0ddc943132452b65672f065f043b844f1830e1fe173c98b3ab/coverage-7.15.3-cp313-cp313-musllinux_1_2_riscv64.whl", hash = "sha256:c59209f80a08dbfcdd5109a80dc623cd3b9d22895c85757d34f57a6e6e95570f", size = 253638, upload-time = "2026-08-02T18:49:01.199Z" },
    { url = "https://files.pythonhosted.org/packages/75/20/30a8dabb194123631c93f860fdd86401ad405d56cfb1841873afbfe4e92b/coverage-7.15.3-cp313-cp313-musllinux_1_2_x86_64.whl", hash = "sha256:f863856c1779d4a5bb6a94698a2f9073e09c6706501f76f3e7780e72df97d21c", size = 255407, upload-time = "2026-08-02T18:49:03.143Z" },
    { url = "https://files.pythonhosted.org/packages/13/4d/e14365b1953b43653341412f9088b0d752614c626a73a705ff9af400f3a3/coverage-7.15.3-cp313-cp313-win32.whl", hash = "sha256:00cbdc5e322927dc30c5e42b863819b1bb867cc66f26ab5372c585850876ab93", size = 224575, upload-time = "2026-08-02T18:49:05.011Z" },
    { url = "https://files.pythonhosted.org/packages/1c/64/88f762ea80de2070207246faef514513be874486b2773528f2cc2b4b515c/coverage-7.15.3-cp313-cp313-win_amd64.whl", hash = "sha256:835528518a1d823cf336740324b2f335f7c01e609e74abcb5d5163b3e66661e3", size = 225116, upload-time = "2026-08-02T18:49:06.894Z" },
    { url = "https://files.pythonhosted.org/packages/ab/66/03c34c53a319f522554cd29d4f2e16c5eab61aa4cdcf55753129fd7d926c/coverage-7.15.3-cp313-cp313-win_arm64.whl", hash = "sha256:0d2e1f2cbbf36b842f3e2aff8d118c60d677adb498bc6c7fa9c6838738f82767", size = 224509, upload-time = "2026-08-02T18:49:09.129Z" },
    { url = "https://files.pythonhosted.org/packages/35/6f/8c2dc014357618b3226c90f731b8282766c3685786f422558991dc49fbf2/coverage-7.15.3-cp314-cp314-macosx_10_15_x86_64.whl", hash = "sha256:1e3bb08ad574bd9fb6a991f645728f70d333c1c1958dd5fcde65e24cb862813d", size = 222571, upload-time = "2026-08-02T18:49:11.242Z" },
    { url = "https://files.pythonhosted.org/packages/07/50/d867c7ceae9d56b7e74ee61ea834f1aa4f9a1e1c7f0ce39393ba573b1c12/coverage-7.15.3-cp314-cp314-macosx_11_0_arm64.whl", hash = "sha256:9e5860eaff02a0b7f1b73304bdf846596ee62ab3a78d25c68044ebf684cb1fef", size = 222902, upload-time = "2026-08-02T18:49:13.448Z" },
    { url = "https://files.pythonhosted.org/packages/62/77/4f6dfc490c5f2bcacb2d296d9aa4d1e128c43b48e94ad313fec7f49f09ad/coverage-7.15.3-cp314-cp314-manylinux1_i686.manylinux_2_28_i686.manylinux_2_5_i686.whl", hash = "sha256:60874e5bd67f0b1bdbe42ab42c7bafa66a6fb8de88721af6df3f7a02713960cd", size = 253947, upload-time = "2026-08-02T18:49:15.304Z" },
    { url = "https://files.pythonhosted.org/packages/16/8a/6777f192af264165103e2a3d3768dbadb9894a0a2359a16877141d9ae8f5/coverage-7.15.3-cp314-cp314-manylinux1_x86_64.manylinux_2_28_x86_64.manylinux_2_5_x86_64.whl", hash = "sha256:f9147be876e9d83765e0b82176674dc248a6b9283e25e01e7462611b97e9b731", size = 256452, upload-time = "2026-08-02T18:49:17.801Z" },
    { url = "https://files.pythonhosted.org/packages/7d/7b/3d7ac46a0234bc684f41ee42be95e29b2b6525695adb04083609d5ac2149/coverage-7.15.3-cp314-cp314-manylinux2014_aarch64.manylinux_2_17_aarch64.manylinux_2_28_aarch64.whl", hash = "sha256:61a01f8c3804760fcc5a3d31c4f3cab792d660d44e17bf7adeaf0ea51e07821e", size = 257798, upload-time = "2026-08-02T18:49:19.878Z" },
    { url = "https://files.pythonhosted.org/packages/ff/1e/c6ee59c29afcb5fdb35f936381340d1a06429a07c48f20e809646647acbe/coverage-7.15.3-cp314-cp314-manylinux2014_ppc64le.manylinux_2_17_ppc64le.manylinux_2_28_ppc64le.whl", hash = "sha256:95bf3e7f26f792e25eb185f85a5a659d48479265176dcfe22b6f334fd0081b5c", size = 260112, upload-time = "2026-08-02T18:49:21.858Z" },
    { url = "https://files.pythonhosted.org/packages/c1/e1/e8ea39a46e89e3a143312ee5f80336e992e3ae8fe44bf9c76b83fefeed42/coverage-7.15.3-cp314-cp314-manylinux_2_31_riscv64.manylinux_2_39_riscv64.whl", hash = "sha256:44c41eff9e413fed8740eca75d5438ebeb9d3e45e7cd37c67329213e7a72c764", size = 253944, upload-time = "2026-08-02T18:49:23.926Z" },
    { url = "https://files.pythonhosted.org/packages/95/67/31ab5f6a37fd887d1386f81f0da9306851ad2264e9baaa9c7f606e0b3e17/coverage-7.15.3-cp314-cp314-musllinux_1_2_aarch64.whl", hash = "sha256:54146bafb61f3ba9895b43af0dd17eba01561d586d44ce84ea221b0cbbee5a9e", size = 255805, upload-time = "2026-08-02T18:49:25.973Z" },
    { url = "https://files.pythonhosted.org/packages/fb/6a/ee505a80c8fd89620fb337c0596daecff87f33171fbb4ee3015fc3d7331f/coverage-7.15.3-cp314-cp314-musllinux_1_2_i686.whl", hash = "sha256:af000dd1bb859ff8066fda4c79512ff938c798116540307226b373099c7b151f", size = 253769, upload-time = "2026-08-02T18:49:27.883Z" },
    { url = "https://files.pythonhosted.org/packages/b0/41/6ab0f81c9e89660230d8f3f581d4732e5ddb75a885b0a5dfc73d315dc94f/coverage-7.15.3-cp314-cp314-musllinux_1_2_ppc64le.whl", hash = "sha256:a1b82490577f3889950b5a04f18712aef0207243e0749d60fe28c3c73ebfd5fd", size = 258045, upload-time = "2026-08-02T18:49:30.201Z" },
    { url = "https://files.pythonhosted.org/packages/bc/62/c995e91cae28cf31d6defab3bfb553dda5ac83ac7381b0f2b121264c307a/coverage-7.15.3-cp314-cp314-musllinux_1_2_riscv64.whl", hash = "sha256:c4fc90a60154c3e4b8a2dc206d6dbe852f1c235c249e0dc0cef909d032c9591a", size = 253587, upload-time = "2026-08-02T18:49:32.349Z" },
    { url = "https://files.pythonhosted.org/packages/84/df/f2049980f82d6890321f2065f9e66216eabbf4b2001815db958bc543f40a/coverage-7.15.3-cp314-cp314-musllinux_1_2_x86_64.whl", hash = "sha256:f25bb884814a892948b4c20394db3f2364dd452d9492736479e7a493e63b0eb6", size = 255243, upload-time = "2026-08-02T18:49:34.324Z" },
    { url = "https://files.pythonhosted.org/packages/1d/82/2c841b67a978c0eb9c3707630b68f93f9e7585d78bb906bc8823ec6b07a5/coverage-7.15.3-cp314-cp314-win32.whl", hash = "sha256:722dbf8e7828fbcfe0dc8586167dc0a5ce85ad6ea171dbb21ed3f8d6581d3cb8", size = 224759, upload-time = "2026-08-02T18:49:36.326Z" },
    { url = "https://files.pythonhosted.org/packages/b3/78/5c93ec43784fd3e404ca23cd0584ae24bc1732de4a3fc194b68c3be88db0/coverage-7.15.3-cp314-cp314-win_amd64.whl", hash = "sha256:64d0845f9c3ed47302bed265c15ab4dbb64aa4ec1490839b8e328f4e7fa914d2", size = 225246, upload-time = "2026-08-02T18:49:38.366Z" },
    { url = "https://files.pythonhosted.org/packages/9d/77/813a054371f3b018cc63c6bdb46a3c35d5e95d4e3ed4f1449d4196106db5/coverage-7.15.3-cp314-cp314-win_arm64.whl", hash = "sha256:69bc14684f8fbbee9f9dbaa4fe79719b0da9725fc37956785c06ec365acf6926", size = 224673, upload-time = "2026-08-02T18:49:40.552Z" },
    { url = "https://files.pythonhosted.org/packages/8f/63/8c9f36cc71178d26db930baa03a4494abcc516d8d41bf820d0d85ef1d80b/coverage-7.15.3-cp314-cp314t-macosx_10_15_x86_64.whl", hash = "sha256:f92df943c24b96cb215ca26b4f6a2283e63c5db80f1635aceea7fff11311917b", size = 223298, upload-time = "2026-08-02T18:49:42.634Z" },
    { url = "https://files.pythonhosted.org/packages/54/66/211f24d058ce9f56ebf1420d55b7574fdae924f6da3836f83c8bd4793e38/coverage-7.15.3-cp314-cp314t-macosx_11_0_arm64.whl", hash = "sha256:66591c46bdd2971d3ae2bc503a5f0459c2edcaf6b7e045b292000cc95bc6cb95", size = 223568, upload-time = "2026-08-02T18:49:44.706Z" },
    { url = "https://files.pythonhosted.org/packages/dd/bb/9c2ad5574a0d6420a96c6cade4f8a683931b9e79fe609f8924d7b6964616/coverage-7.15.3-cp314-cp314t-manylinux1_i686.manylinux_2_28_i686.manylinux_2_5_i686.whl", hash = "sha256:caa64458b81b18bfc67cdf1f6dc02b23e3edc672f2f8e11771fad75865415a43", size = 264932, upload-time = "2026-08-02T18:49:47.153Z" },
    { url = "https://files.pythonhosted.org/packages/ba/91/938c39e77bdd5a0a440412f975609ce3702dabbda6ac715719d93ca45a7b/coverage-7.15.3-cp314-cp314t-manylinux1_x86_64.manylinux_2_28_x86_64.manylinux_2_5_x86_64.whl", hash = "sha256:447f5421ccf5475956cf516d4ca1d575f487947b6f4e11f9d80c6aefe24b3dc8", size = 267052, upload-time = "2026-08-02T18:49:49.324Z" },
    { url = "https://files.pythonhosted.org/packages/b0/a3/7b431a98af35d9cc6394e54cde9435b33b8591672fbece6a4931267d7a8e/coverage-7.15.3-cp314-cp314t-manylinux2014_aarch64.manylinux_2_17_aarch64.manylinux_2_28_aarch64.whl", hash = "sha256:7a0c77ef8cd483a4987a5d12d1d9d5f7ee598dfdc6c0844417d847e5768dc779", size = 269473, upload-time = "2026-08-02T18:49:51.599Z" },
    { url = "https://files.pythonhosted.org/packages/32/58/dbc9951dce46be47a732823a1c571f62bcabdd54a68d8c281489a1a55cfb/coverage-7.15.3-cp314-cp314t-manylinux2014_ppc64le.manylinux_2_17_ppc64le.manylinux_2_28_ppc64le.whl", hash = "sha256:0b273f4ff657446a06c2d85bf80e134fa869a92852ba5f87854a70e1fb44da77", size = 270591, upload-time = "2026-08-02T18:49:53.865Z" },
    { url = "https://files.pythonhosted.org/packages/71/bd/1d610772c7c0889bfe477a59c46ee66ea53e271f3f06951e9d55b317f7c6/coverage-7.15.3-cp314-cp314t-manylinux_2_31_riscv64.manylinux_2_39_riscv64.whl", hash = "sha256:daea8c4fafa22488600405be2c2be525a9406fba3fc0a83acc726db3e14e2005", size = 264007, upload-time = "2026-08-02T18:49:55.875Z" },
    { url = "https://files.pythonhosted.org/packages/69/97/852eb3dcdba156b1a9078503f098499916bf889f964b61ad4a08223ac169/coverage-7.15.3-cp314-cp314t-musllinux_1_2_aarch64.whl", hash = "sha256:93ff57c530f3fa7aa69f92fb9b8892b8aa82712aa970842f4abf28657f42fb57", size = 266926, upload-time = "2026-08-02T18:49:57.944Z" },
    { url = "https://files.pythonhosted.org/packages/52/f8/b72cd238757fba2b587fc7dee047efe6e10b0c18343509faaaf502dd4680/coverage-7.15.3-cp314-cp314t-musllinux_1_2_i686.whl", hash = "sha256:4df21bef8b800eebda9018f53d49c9ace3aeb0090c850139b27923aafcb83e91", size = 264529, upload-time = "2026-08-02T18:50:00.035Z" },
    { url = "https://files.pythonhosted.org/packages/b8/0a/6c52ec4b7fb007cb6433d1fcfda4080cb15d75ad37ef9c31025f3427293e/coverage-7.15.3-cp314-cp314t-musllinux_1_2_ppc64le.whl", hash = "sha256:db567b02685f26034adcbd85055f80d12cdf02111b8ed00886093d98b2874ce2", size = 268263, upload-time = "2026-08-02T18:50:02.161Z" },
    { url = "https://files.pythonhosted.org/packages/c0/4e/f1f9aa3efd109a04353563a43fb5155340c1fdcdeaa6296ebed3b6f510ea/coverage-7.15.3-cp314-cp314t-musllinux_1_2_riscv64.whl", hash = "sha256:5318dd51b8600b947e058cf5a4fe54d183d9d13c49b97b64ca7be05a34df9bef", size = 263377, upload-time = "2026-08-02T18:50:04.243Z" },
    { url = "https://files.pythonhosted.org/packages/dd/fb/6b268a0b2728ef1c379ad656b899274477a5f6bed1bf6765b4b387fb0601/coverage-7.15.3-cp314-cp314t-musllinux_1_2_x86_64.whl", hash = "sha256:c995bfa383c54704839b6c4c2627a1c00895597ada0e5e8190c81d8bd620555c", size = 265688, upload-time = "2026-08-02T18:50:06.428Z" },
    { url = "https://files.pythonhosted.org/packages/29/54/1a3ea96e5d5e7cd41dc432597bfc60692910e635d05e1cc25a8ccc243581/coverage-7.15.3-cp314-cp314t-win32.whl", hash = "sha256:6433fafb8da0e1d02eb53411e0ecdadb6b88f0224fdc23317e703c0e88937d42", size = 225066, upload-time = "2026-08-02T18:50:08.533Z" },
    { url = "https://files.pythonhosted.org/packages/31/9d/a7b0d9afd18ed5274dd00651a78e7810a931c70d94b79996f150bec1a30f/coverage-7.15.3-cp314-cp314t-win_amd64.whl", hash = "sha256:fe578952b1b29fe8c777f43f241d49efac4b56724a3434f5d22ebe3c208df429", size = 225897, upload-time = "2026-08-02T18:50:10.572Z" },
    { url = "https://files.pythonhosted.org/packages/ca/11/34c5ae40b945e69aa72b87dc268135b7049905f3824af573b7073acbb946/coverage-7.15.3-cp314-cp314t-win_arm64.whl", hash = "sha256:d2e1acb7aee29dfa8f3e48c23f36670898baca1209d9bdd3985a50c7f982165e", size = 225212, upload-time = "2026-08-02T18:50:12.63Z" },
    { url = "https://files.pythonhosted.org/packages/37/e7/7069b3d6c018917f49ba2e1c5fb910e498c7fefa3a1b78cb1b79e61ff45d/coverage-7.15.3-py3-none-any.whl", hash = "sha256:da78fa6fc7dafe4212839173133ee85afcf42c5cd5f3e47fa7c1c210453b445e", size = 214297, upload-time = "2026-08-02T18:50:14.709Z" },
]

[[package]]
name = "dill"
version = "0.4.1"
source = { registry = "https://pypi.org/simple" }
sdist = { url = "https://files.pythonhosted.org/packages/81/e1/56027a71e31b02ddc53c7d65b01e68edf64dea2932122fe7746a516f75d5/dill-0.4.1.tar.gz", hash = "sha256:423092df4182177d4d8ba8290c8a5b640c66ab35ec7da59ccfa00f6fa3eea5fa", size = 187315, upload-time = "2026-01-19T02:36:56.85Z" }
wheels = [
    { url = "https://files.pythonhosted.org/packages/1e/77/dc8c558f7593132cf8fefec57c4f60c83b16941c574ac5f619abb3ae7933/dill-0.4.1-py3-none-any.whl", hash = "sha256:1e1ce33e978ae97fcfcff5638477032b801c46c7c65cf717f95fbc2248f79a9d", size = 120019, upload-time = "2026-01-19T02:36:55.663Z" },
]

[[package]]
name = "h11"
version = "0.16.0"
source = { registry = "https://pypi.org/simple" }
sdist = { url = "https://files.pythonhosted.org/packages/01/ee/02a2c011bdab74c6fb3c75474d40b3052059d95df7e73351460c8588d963/h11-0.16.0.tar.gz", hash = "sha256:4e35b956cf45792e4caa5885e69fba00bdbc6ffafbfa020300e549b208ee5ff1", size = 101250, upload-time = "2025-04-24T03:35:25.427Z" }
wheels = [
    { url = "https://files.pythonhosted.org/packages/04/4b/29cac41a4d98d144bf5f6d33995617b185d14b22401f75ca86f384e87ff1/h11-0.16.0-py3-none-any.whl", hash = "sha256:63cf8bbe7522de3bf65932fda1d9c2772064ffb3dae62d55932da54b31cb6c86", size = 37515, upload-time = "2025-04-24T03:35:24.344Z" },
]

[[package]]
name = "httpcore"
version = "1.0.9"
source = { registry = "https://pypi.org/simple" }
dependencies = [
    { name = "certifi" },
    { name = "h11" },
]
sdist = { url = "https://files.pythonhosted.org/packages/06/94/82699a10bca87a5556c9c59b5963f2d039dbd239f25bc2a63907a05a14cb/httpcore-1.0.9.tar.gz", hash = "sha256:6e34463af53fd2ab5d807f399a9b45ea31c3dfa2276f15a2c3f00afff6e176e8", size = 85484, upload-time = "2025-04-24T22:06:22.219Z" }
wheels = [
    { url = "https://files.pythonhosted.org/packages/7e/f5/f66802a942d491edb555dd61e3a9961140fd64c90bce1eafd741609d334d/httpcore-1.0.9-py3-none-any.whl", hash = "sha256:2d400746a40668fc9dec9810239072b40b4484b640a8c38fd654a024c7a1bf55", size = 78784, upload-time = "2025-04-24T22:06:20.566Z" },
]

[[package]]
name = "httpx"
version = "0.28.1"
source = { registry = "https://pypi.org/simple" }
dependencies = [
    { name = "anyio" },
    { name = "certifi" },
    { name = "httpcore" },
    { name = "idna" },
]
sdist = { url = "https://files.pythonhosted.org/packages/b1/df/48c586a5fe32a0f01324ee087459e112ebb7224f646c0b5023f5e79e9956/httpx-0.28.1.tar.gz", hash = "sha256:75e98c5f16b0f35b567856f597f06ff2270a374470a5c2392242528e3e3e42fc", size = 141406, upload-time = "2024-12-06T15:37:23.222Z" }
wheels = [
    { url = "https://files.pythonhosted.org/packages/2a/39/e50c7c3a983047577ee07d2a9e53faf5a69493943ec3f6a384bdc792deb2/httpx-0.28.1-py3-none-any.whl", hash = "sha256:d909fcccc110f8c7faf814ca82a9a4d816bc5a6dbfea25d6591d6985b8ba59ad", size = 73517, upload-time = "2024-12-06T15:37:21.509Z" },
]

[[package]]
name = "idna"
version = "3.18"
source = { registry = "https://pypi.org/simple" }
sdist = { url = "https://files.pythonhosted.org/packages/cd/63/9496c57188a2ee585e0f1db071d75089a11e98aa86eb99d9d7618fc1edce/idna-3.18.tar.gz", hash = "sha256:ffb385a7e039654cef1ab9ef32c6fafe283c0c0467bba1d9029738ce4a14a848", size = 196711, upload-time = "2026-06-02T14:34:07.794Z" }
wheels = [
    { url = "https://files.pythonhosted.org/packages/1e/5e/d4e9f1a599fb8e573b7b87160658329fbf28d19eac2718f51fc3def3aa5a/idna-3.18-py3-none-any.whl", hash = "sha256:7f952cbe720b688055e3f87de14f5c3e5fdaa8bc3928985c4077ca689de849a2", size = 65455, upload-time = "2026-06-02T14:34:06.319Z" },
]

[[package]]
name = "iniconfig"
version = "2.3.0"
source = { registry = "https://pypi.org/simple" }
sdist = { url = "https://files.pythonhosted.org/packages/72/34/14ca021ce8e5dfedc35312d08ba8bf51fdd999c576889fc2c24cb97f4f10/iniconfig-2.3.0.tar.gz", hash = "sha256:c76315c77db068650d49c5b56314774a7804df16fee4402c1f19d6d15d8c4730", size = 20503, upload-time = "2025-10-18T21:55:43.219Z" }
wheels = [
    { url = "https://files.pythonhosted.org/packages/cb/b1/3846dd7f199d53cb17f49cba7e651e9ce294d8497c8c150530ed11865bb8/iniconfig-2.3.0-py3-none-any.whl", hash = "sha256:f631c04d2c48c52b84d0d0549c99ff3859c98df65b3101406327ecc7d53fbf12", size = 7484, upload-time = "2025-10-18T21:55:41.639Z" },
]

[[package]]
name = "isort"
version = "8.0.1"
source = { registry = "https://pypi.org/simple" }
sdist = { url = "https://files.pythonhosted.org/packages/ef/7c/ec4ab396d31b3b395e2e999c8f46dec78c5e29209fac49d1f4dace04041d/isort-8.0.1.tar.gz", hash = "sha256:171ac4ff559cdc060bcfff550bc8404a486fee0caab245679c2abe7cb253c78d", size = 769592, upload-time = "2026-02-28T10:08:20.685Z" }
wheels = [
    { url = "https://files.pythonhosted.org/packages/3e/95/c7c34aa53c16353c56d0b802fba48d5f5caa2cdee7958acbcb795c830416/isort-8.0.1-py3-none-any.whl", hash = "sha256:28b89bc70f751b559aeca209e6120393d43fbe2490de0559662be7a9787e3d75", size = 89733, upload-time = "2026-02-28T10:08:19.466Z" },
]

[[package]]
name = "mccabe"
version = "0.7.0"
source = { registry = "https://pypi.org/simple" }
sdist = { url = "https://files.pythonhosted.org/packages/e7/ff/0ffefdcac38932a54d2b5eed4e0ba8a408f215002cd178ad1df0f2806ff8/mccabe-0.7.0.tar.gz", hash = "sha256:348e0240c33b60bbdf4e523192ef919f28cb2c3d7d5c7794f74009290f236325", size = 9658, upload-time = "2022-01-24T01:14:51.113Z" }
wheels = [
    { url = "https://files.pythonhosted.org/packages/27/1a/1f68f9ba0c207934b35b86a8ca3aad8395a3d6dd7921c0686e23853ff5a9/mccabe-0.7.0-py2.py3-none-any.whl", hash = "sha256:6c2d30ab6be0e4a46919781807b4f0d834ebdd6c6e3dca0bda5a15f863427b6e", size = 7350, upload-time = "2022-01-24T01:14:49.62Z" },
]

[[package]]
name = "packaging"
version = "26.2"
source = { registry = "https://pypi.org/simple" }
sdist = { url = "https://files.pythonhosted.org/packages/d7/f1/e7a6dd94a8d4a5626c03e4e99c87f241ba9e350cd9e6d75123f992427270/packaging-26.2.tar.gz", hash = "sha256:ff452ff5a3e828ce110190feff1178bb1f2ea2281fa2075aadb987c2fb221661", size = 228134, upload-time = "2026-04-24T20:15:23.917Z" }
wheels = [
    { url = "https://files.pythonhosted.org/packages/df/b2/87e62e8c3e2f4b32e5fe99e0b86d576da1312593b39f47d8ceef365e95ed/packaging-26.2-py3-none-any.whl", hash = "sha256:5fc45236b9446107ff2415ce77c807cee2862cb6fac22b8a73826d0693b0980e", size = 100195, upload-time = "2026-04-24T20:15:22.081Z" },
]

[[package]]
name = "paho-mqtt"
version = "2.1.0"
source = { registry = "https://pypi.org/simple" }
sdist = { url = "https://files.pythonhosted.org/packages/39/15/0a6214e76d4d32e7f663b109cf71fb22561c2be0f701d67f93950cd40542/paho_mqtt-2.1.0.tar.gz", hash = "sha256:12d6e7511d4137555a3f6ea167ae846af2c7357b10bc6fa4f7c3968fc1723834", size = 148848, upload-time = "2024-04-29T19:52:55.591Z" }
wheels = [
    { url = "https://files.pythonhosted.org/packages/c4/cb/00451c3cf31790287768bb12c6bec834f5d292eaf3022afc88e14b8afc94/paho_mqtt-2.1.0-py3-none-any.whl", hash = "sha256:6db9ba9b34ed5bc6b6e3812718c7e06e2fd7444540df2455d2c51bd58808feee", size = 67219, upload-time = "2024-04-29T19:52:48.345Z" },
]

[[package]]
name = "platformdirs"
version = "4.11.0"
source = { registry = "https://pypi.org/simple" }
sdist = { url = "https://files.pythonhosted.org/packages/78/9b/560e4be8e26f6fd133a03630a8df0c663b9e8d61b4ade152b72005aec83b/platformdirs-4.11.0.tar.gz", hash = "sha256:0555d18370482847566ffabcaa53ad7c6c1c29f195989ae1ed634a05f76ea1e0", size = 31953, upload-time = "2026-07-21T13:09:36.565Z" }
wheels = [
    { url = "https://files.pythonhosted.org/packages/7d/68/d8d58938dfb1370b266a1a729e6d77a985be23689a0496498ee17b2cbf90/platformdirs-4.11.0-py3-none-any.whl", hash = "sha256:360ccded2b7fce0af0ff80cc8f5942a1c5d99b0e856033acb030bfc634709e74", size = 23247, upload-time = "2026-07-21T13:09:35.422Z" },
]

[[package]]
name = "pluggy"
version = "1.6.0"
source = { registry = "https://pypi.org/simple" }
sdist = { url = "https://files.pythonhosted.org/packages/f9/e2/3e91f31a7d2b083fe6ef3fa267035b518369d9511ffab804f839851d2779/pluggy-1.6.0.tar.gz", hash = "sha256:7dcc130b76258d33b90f61b658791dede3486c3e6bfb003ee5c9bfb396dd22f3", size = 69412, upload-time = "2025-05-15T12:30:07.975Z" }
wheels = [
    { url = "https://files.pythonhosted.org/packages/54/20/4d324d65cc6d9205fabedc306948156824eb9f0ee1633355a8f7ec5c66bf/pluggy-1.6.0-py3-none-any.whl", hash = "sha256:e920276dd6813095e9377c0bc5566d94c932c33b27a3e3945d8389c374dd4746", size = 20538, upload-time = "2025-05-15T12:30:06.134Z" },
]

[[package]]
name = "pygments"
version = "2.20.0"
source = { registry = "https://pypi.org/simple" }
sdist = { url = "https://files.pythonhosted.org/packages/c3/b2/bc9c9196916376152d655522fdcebac55e66de6603a76a02bca1b6414f6c/pygments-2.20.0.tar.gz", hash = "sha256:6757cd03768053ff99f3039c1a36d6c0aa0b263438fcab17520b30a303a82b5f", size = 4955991, upload-time = "2026-03-29T13:29:33.898Z" }
wheels = [
    { url = "https://files.pythonhosted.org/packages/f4/7e/a72dd26f3b0f4f2bf1dd8923c85f7ceb43172af56d63c7383eb62b332364/pygments-2.20.0-py3-none-any.whl", hash = "sha256:81a9e26dd42fd28a23a2d169d86d7ac03b46e2f8b59ed4698fb4785f946d0176", size = 1231151, upload-time = "2026-03-29T13:29:30.038Z" },
]

[[package]]
name = "pylint"
version = "4.0.7"
source = { registry = "https://pypi.org/simple" }
dependencies = [
    { name = "astroid" },
    { name = "colorama", marker = "sys_platform == 'win32'" },
    { name = "dill" },
    { name = "isort" },
    { name = "mccabe" },
    { name = "platformdirs" },
    { name = "tomlkit" },
]
sdist = { url = "https://files.pythonhosted.org/packages/de/92/98dace02f2d11b88160354c53944f77ea7327aa78bce1c75971e7aaa4347/pylint-4.0.7.tar.gz", hash = "sha256:9b2d1d15791c84b77a4fe2aafe8f0d9570717e2dea06d53b19c105cf60275a52", size = 1594770, upload-time = "2026-08-09T19:13:23.289Z" }
wheels = [
    { url = "https://files.pythonhosted.org/packages/e0/b0/3a8040e53df6c5c1e04b0e23ed53fdbeb64f333723a334d313fba2f581ce/pylint-4.0.7-py3-none-any.whl", hash = "sha256:be4a3111557a614411ed1fc89347ce4a8e1013a59e1f33d11485227a02e3304d", size = 539710, upload-time = "2026-08-09T19:13:21.228Z" },
]

[[package]]
name = "pytest"
version = "9.1.1"
source = { registry = "https://pypi.org/simple" }
dependencies = [
    { name = "colorama", marker = "sys_platform == 'win32'" },
    { name = "iniconfig" },
    { name = "packaging" },
    { name = "pluggy" },
    { name = "pygments" },
]
sdist = { url = "https://files.pythonhosted.org/packages/e4/47/b9efed96c114afcfa3c9d3fe98a76a1d14c74a9e266d397cf6eb64be5e01/pytest-9.1.1.tar.gz", hash = "sha256:1088fbde8f2b49d95a549a195707afa7a76a3ce9bcadc26b6d71f0ffda5fe313", size = 1636369, upload-time = "2026-06-19T10:58:32.857Z" }
wheels = [
    { url = "https://files.pythonhosted.org/packages/24/25/1de2678b631f5a49215c6c96fff41ba892b0a34df68d6d80292b1b48aa7f/pytest-9.1.1-py3-none-any.whl", hash = "sha256:37a86b45efb9a47a61a36449063e8e18d0cab3161329fc099eb21783169c4f0c", size = 386536, upload-time = "2026-06-19T10:58:31.347Z" },
]

[[package]]
name = "pytest-cov"
version = "7.1.0"
source = { registry = "https://pypi.org/simple" }
dependencies = [
    { name = "coverage" },
    { name = "pluggy" },
    { name = "pytest" },
]
sdist = { url = "https://files.pythonhosted.org/packages/b1/51/a849f96e117386044471c8ec2bd6cfebacda285da9525c9106aeb28da671/pytest_cov-7.1.0.tar.gz", hash = "sha256:30674f2b5f6351aa09702a9c8c364f6a01c27aae0c1366ae8016160d1efc56b2", size = 55592, upload-time = "2026-03-21T20:11:16.284Z" }
wheels = [
    { url = "https://files.pythonhosted.org/packages/9d/7a/d968e294073affff457b041c2be9868a40c1c71f4a35fcc1e45e5493067b/pytest_cov-7.1.0-py3-none-any.whl", hash = "sha256:a0461110b7865f9a271aa1b51e516c9a95de9d696734a2f71e3e78f46e1d4678", size = 22876, upload-time = "2026-03-21T20:11:14.438Z" },
]

[[package]]
name = "python-telegram-bot"
version = "22.7"
source = { registry = "https://pypi.org/simple" }
dependencies = [
    { name = "httpcore", marker = "python_full_version >= '3.14'" },
    { name = "httpx" },
]
sdist = { url = "https://files.pythonhosted.org/packages/e4/25/2258161b1069e66d6c39c0a602dbe57461d4767dc0012539970ea40bc9d6/python_telegram_bot-22.7.tar.gz", hash = "sha256:784b59ea3852fe4616ad63b4a0264c755637f5d725e87755ecdee28300febf61", size = 1516454, upload-time = "2026-03-16T09:36:03.174Z" }
wheels = [
    { url = "https://files.pythonhosted.org/packages/94/f7/0e2f89dd62f45d46d4ea0d8aec5893ce5b37389638db010c117f46f11450/python_telegram_bot-22.7-py3-none-any.whl", hash = "sha256:d72eed532cf763758cd9331b57a6d790aff0bb4d37d8f4e92149436fe21c6475", size = 745365, upload-time = "2026-03-16T09:36:01.498Z" },
]

[[package]]
name = "teslamate-telegram-bot"
source = { editable = "." }
dependencies = [
    { name = "paho-mqtt" },
    { name = "python-telegram-bot" },
]

[package.dev-dependencies]
lint = [
    { name = "pylint" },
]
test = [
    { name = "pytest" },
    { name = "pytest-cov" },
]

[package.metadata]
requires-dist = [
    { name = "paho-mqtt", specifier = "==2.1.0" },
    { name = "python-telegram-bot", specifier = "==22.7" },
]

[package.metadata.requires-dev]
lint = [{ name = "pylint" }]
test = [
    { name = "pytest" },
    { name = "pytest-cov" },
]

[[package]]
name = "tomlkit"
version = "0.15.1"
source = { registry = "https://pypi.org/simple" }
sdist = { url = "https://files.pythonhosted.org/packages/94/96/e07752635b98536177fa1f37671c8f3cdde2e724c6bcf6034b2cfb571565/tomlkit-0.15.1.tar.gz", hash = "sha256:e25bbf38843005246210a12982776f27f99cb9be67160e14434d0c0d21ee1e97", size = 180129, upload-time = "2026-07-17T01:48:04.562Z" }
wheels = [
    { url = "https://files.pythonhosted.org/packages/13/bc/8c13eb66537dce1d2bd3a57132902f38d0e7f5bb46fa9f4daed9fe9d76ee/tomlkit-0.15.1-py3-none-any.whl", hash = "sha256:177a05aece5a8ca5266fd3c448abb47b8d352f09d477d3ca8332db4d89b24304", size = 49449, upload-time = "2026-07-17T01:48:05.728Z" },
]
